
Microsoft Visual Studio Solution File, Format Version 12.00
# Visual Studio Version 17
VisualStudioVersion = 17.0.31903.59
MinimumVisualStudioVersion = 10.0.40219.1
Project("{FAE04EC0-301F-11D3-BF4B-00C04F79EFBC}") = "AuthCore", "src\AuthCore\AuthCore.csproj", "{38900EA4-738A-4E4D-B76C-A8BC94B59292}"
EndProject
Global
	GlobalSection(SolutionConfigurationPlatforms) = preSolution
		Debug|Any CPU = Debug|Any CPU
		Release|Any CPU = Release|Any CPU
	EndGlobalSection
	GlobalSection(ProjectConfigurationPlatforms) = postSolution
		{38900EA4-738A-4E4D-B76C-A8BC94B59292}.Debug|Any CPU.ActiveCfg = Debug|Any CPU
		{38900EA4-738A-4E4D-B76C-A8BC94B59292}.Debug|Any CPU.Build.0 = Debug|Any CPU
		{38900EA4-738A-4E4D-B76C-A8BC94B59292}.Release|Any CPU.ActiveCfg = Release|Any CPU
		{38900EA4-738A-4E4D-B76C-A8BC94B59292}.Release|Any CPU.Build.0 = Release|Any CPU
	EndGlobalSection
	GlobalSection(SolutionProperties) = preSolution
		HideSolutionNode = FALSE
	EndGlobalSection
	GlobalSection(ExtensibilityGlobals) = postSolution
		SolutionGuid = {ACC92618-5D36-4883-8F3F-FDBB46F68619}
	EndGlobalSection
EndGlobal
